
Microsoft Visual Studio Solution File, Format Version 12.00
# Visual Studio Version 16
VisualStudioVersion = 16.0.30503.244
MinimumVisualStudioVersion = 10.0.40219.1
Project("{FAE04EC0-301F-11D3-BF4B-00C04F79EFBC}") = "GST", "GST\GST.csproj", "{6E3A4ED9-6864-45BA-89C5-EE5AF0469B77}"
EndProject
Global
	GlobalSection(SolutionConfigurationPlatforms) = preSolution
		Debug|Any CPU = Debug|Any CPU
		Release|Any CPU = Release|Any CPU
	EndGlobalSection
	GlobalSection(ProjectConfigurationPlatforms) = postSolution
		{6E3A4ED9-6864-45BA-89C5-EE5AF0469B77}.Debug|Any CPU.ActiveCfg = Debug|Any CPU
		{6E3A4ED9-6864-45BA-89C5-EE5AF0469B77}.Debug|Any CPU.Build.0 = Debug|Any CPU
		{6E3A4ED9-6864-45BA-89C5-EE5AF0469B77}.Release|Any CPU.ActiveCfg = Release|Any CPU
		{6E3A4ED9-6864-45BA-89C5-EE5AF0469B77}.Release|Any CPU.Build.0 = Release|Any CPU
	EndGlobalSection
	GlobalSection(SolutionProperties) = preSolution
		HideSolutionNode = FALSE
	EndGlobalSection
	GlobalSection(ExtensibilityGlobals) = postSolution
		SolutionGuid = {C78305A2-93C8-4E1C-96C8-7DD5A83B7141}
	EndGlobalSection
EndGlobal
